
Microsoft Visual Studio Solution File, Format Version 12.00
# Visual Studio Version 17
VisualStudioVersion = 17.8.34408.163
MinimumVisualStudioVersion = 10.0.40219.1
Project("{8BC9CEB8-8B4A-11D0-8D11-00A0C91BC942}") = "DirectoryReport", "DirectoryReport.vcxproj", "{E529F548-A6BA-4B55-BA03-9286FE723CB6}"
EndProject
Project("{2150E333-8FDC-42A3-9474-1A3956D46DE8}") = "Solution Items", "Solution Items", "{F01D9BA1-2B25-4218-981E-0A26AA5B530D}"
EndProject
Global
	GlobalSection(SolutionConfigurationPlatforms) = preSolution
		Debug|x64 = Debug|x64
		Debug|x86 = Debug|x86
		Release|x64 = Release|x64
		Release|x86 = Release|x86
	EndGlobalSection
	GlobalSection(ProjectConfigurationPlatforms) = postSolution
		{E529F548-A6BA-4B55-BA03-9286FE723CB6}.Debug|x64.ActiveCfg = Debug|x64
		{E529F548-A6BA-4B55-BA03-9286FE723CB6}.Debug|x64.Build.0 = Debug|x64
		{E529F548-A6BA-4B55-BA03-9286FE723CB6}.Debug|x86.ActiveCfg = Debug|Win32
		{E529F548-A6BA-4B55-BA03-9286FE723CB6}.Debug|x86.Build.0 = Debug|Win32
		{E529F548-A6BA-4B55-BA03-9286FE723CB6}.Release|x64.ActiveCfg = Release|x64
		{E529F548-A6BA-4B55-BA03-9286FE723CB6}.Release|x64.Build.0 = Release|x64
		{E529F548-A6BA-4B55-BA03-9286FE723CB6}.Release|x86.ActiveCfg = Release|Win32
		{E529F548-A6BA-4B55-BA03-9286FE723CB6}.Release|x86.Build.0 = Release|Win32
	EndGlobalSection
	GlobalSection(SolutionProperties) = preSolution
		HideSolutionNode = FALSE
	EndGlobalSection
	GlobalSection(ExtensibilityGlobals) = postSolution
		SolutionGuid = {7C262DB6-3779-4BB5-B940-5F206779B456}
	EndGlobalSection
EndGlobal
